
Microsoft Visual Studio Solution File, Format Version 12.00
# Visual Studio Version 17
VisualStudioVersion = 17.9.34622.214
MinimumVisualStudioVersion = 10.0.40219.1
Project("{FAE04EC0-301F-11D3-BF4B-00C04F79EFBC}") = "DemoInterfaces", "DemoInterfaces\DemoInterfaces.csproj", "{A780F9AC-2AF0-4A19-B072-D711B3E3EA55}"
EndProject
Global
	GlobalSection(SolutionConfigurationPlatforms) = preSolution
		Debug|Any CPU = Debug|Any CPU
		Release|Any CPU = Release|Any CPU
	EndGlobalSection
	GlobalSection(ProjectConfigurationPlatforms) = postSolution
		{A780F9AC-2AF0-4A19-B072-D711B3E3EA55}.Debug|Any CPU.ActiveCfg = Debug|Any CPU
		{A780F9AC-2AF0-4A19-B072-D711B3E3EA55}.Debug|Any CPU.Build.0 = Debug|Any CPU
		{A780F9AC-2AF0-4A19-B072-D711B3E3EA55}.Release|Any CPU.ActiveCfg = Release|Any CPU
		{A780F9AC-2AF0-4A19-B072-D711B3E3EA55}.Release|Any CPU.Build.0 = Release|Any CPU
	EndGlobalSection
	GlobalSection(SolutionProperties) = preSolution
		HideSolutionNode = FALSE
	EndGlobalSection
	GlobalSection(ExtensibilityGlobals) = postSolution
		SolutionGuid = {F81AA903-2CCE-4AE3-B63F-12095583FE7C}
	EndGlobalSection
EndGlobal
